
Microsoft Visual Studio Solution File, Format Version 12.00
# Visual Studio Version 17
VisualStudioVersion = 17.0.31912.275
MinimumVisualStudioVersion = 10.0.40219.1
Project("{FAE04EC0-301F-11D3-BF4B-00C04F79EFBC}") = "JetBlue.ESE.Net", "JetBlue.ESE.Net.csproj", "{C23BA3D8-743A-45AD-B7F1-80861D19AAC0}"
EndProject
Project("{FAE04EC0-301F-11D3-BF4B-00C04F79EFBC}") = "JetBlue.ESE.Net.Tester", "..\JetBlue.ESE.Net.Tester\JetBlue.ESE.Net.Tester.csproj", "{1153F674-DC5A-4B92-B1B7-B2274B8A58EE}"
EndProject
Global
	GlobalSection(SolutionConfigurationPlatforms) = preSolution
		Debug|Any CPU = Debug|Any CPU
		Release|Any CPU = Release|Any CPU
	EndGlobalSection
	GlobalSection(ProjectConfigurationPlatforms) = postSolution
		{C23BA3D8-743A-45AD-B7F1-80861D19AAC0}.Debug|Any CPU.ActiveCfg = Debug|Any CPU
		{C23BA3D8-743A-45AD-B7F1-80861D19AAC0}.Debug|Any CPU.Build.0 = Debug|Any CPU
		{C23BA3D8-743A-45AD-B7F1-80861D19AAC0}.Release|Any CPU.ActiveCfg = Release|Any CPU
		{C23BA3D8-743A-45AD-B7F1-80861D19AAC0}.Release|Any CPU.Build.0 = Release|Any CPU
		{1153F674-DC5A-4B92-B1B7-B2274B8A58EE}.Debug|Any CPU.ActiveCfg = Debug|Any CPU
		{1153F674-DC5A-4B92-B1B7-B2274B8A58EE}.Debug|Any CPU.Build.0 = Debug|Any CPU
		{1153F674-DC5A-4B92-B1B7-B2274B8A58EE}.Release|Any CPU.ActiveCfg = Release|Any CPU
		{1153F674-DC5A-4B92-B1B7-B2274B8A58EE}.Release|Any CPU.Build.0 = Release|Any CPU
	EndGlobalSection
	GlobalSection(SolutionProperties) = preSolution
		HideSolutionNode = FALSE
	EndGlobalSection
	GlobalSection(ExtensibilityGlobals) = postSolution
		SolutionGuid = {BBC66C12-FD39-48C2-811F-D463E5FD3885}
	EndGlobalSection
EndGlobal
